// !$*UTF8*$!
{
	archiveVersion = 1;
	classes = {
	};
	objectVersion = 50;
	objects = {

/* Begin PBXBuildFile section */
		4F0508DC20EE455D00D5B778 /* ModelData.swift in Sources */ = {isa = PBXBuildFile; fileRef = 4F0508DB20EE455D00D5B778 /* ModelData.swift */; };
		4F104B0A20FE21DF0065545D /* ImagePreviewViewController.swift in Sources */ = {isa = PBXBuildFile; fileRef = 4F104B0920FE21DF0065545D /* ImagePreviewViewController.swift */; };
		4F104B0C20FE24880065545D /* ImagePreviewCollectionViewCell.swift in Sources */ = {isa = PBXBuildFile; fileRef = 4F104B0B20FE24880065545D /* ImagePreviewCollectionViewCell.swift */; };
		4F195BB120E3A3EB005816F5 /* DetailCastCollectionViewCell.swift in Sources */ = {isa = PBXBuildFile; fileRef = 4F195BB020E3A3EB005816F5 /* DetailCastCollectionViewCell.swift */; };
		4F195BB520E3DE0A005816F5 /* ProfileCollectionViewController.swift in Sources */ = {isa = PBXBuildFile; fileRef = 4F195BB420E3DE0A005816F5 /* ProfileCollectionViewController.swift */; };
		4F195BB720E3DE5D005816F5 /* ProfileHeaderCollectionReusableView.swift in Sources */ = {isa = PBXBuildFile; fileRef = 4F195BB620E3DE5D005816F5 /* ProfileHeaderCollectionReusableView.swift */; };
		4F195BB920E3DF55005816F5 /* ProfileListCollectionViewCell.swift in Sources */ = {isa = PBXBuildFile; fileRef = 4F195BB820E3DF55005816F5 /* ProfileListCollectionViewCell.swift */; };
		4F1E6B3220EBC6AD005CEA65 /* TV.swift in Sources */ = {isa = PBXBuildFile; fileRef = 4F1E6B3120EBC6AD005CEA65 /* TV.swift */; };
		4F2676082109B8ED005CC679 /* SearchOptionCollectionViewCell.swift in Sources */ = {isa = PBXBuildFile; fileRef = 4F2676072109B8ED005CC679 /* SearchOptionCollectionViewCell.swift */; };
		4F30ED6B2108AC1A00E2B31C /* SearchGenreCollectionViewCell.swift in Sources */ = {isa = PBXBuildFile; fileRef = 4F30ED692108AC1A00E2B31C /* SearchGenreCollectionViewCell.swift */; };
		4F30ED6C2108AC1A00E2B31C /* SearchGenreCollectionViewCell.xib in Resources */ = {isa = PBXBuildFile; fileRef = 4F30ED6A2108AC1A00E2B31C /* SearchGenreCollectionViewCell.xib */; };
		4F526BC220E62C2600EB36EA /* WalkthroughViewController.swift in Sources */ = {isa = PBXBuildFile; fileRef = 4F526BC120E62C2600EB36EA /* WalkthroughViewController.swift */; };
		4F526BC420E62CBC00EB36EA /* WalkthroughCollectionViewCell.swift in Sources */ = {isa = PBXBuildFile; fileRef = 4F526BC320E62CBC00EB36EA /* WalkthroughCollectionViewCell.swift */; };
		4F57DA182112036100F95074 /* DetailCastTableViewCell.swift in Sources */ = {isa = PBXBuildFile; fileRef = 4F57DA172112036100F95074 /* DetailCastTableViewCell.swift */; };
		4F57DA1A21120BBC00F95074 /* DetailImagesTableViewCell.swift in Sources */ = {isa = PBXBuildFile; fileRef = 4F57DA1921120BBC00F95074 /* DetailImagesTableViewCell.swift */; };
		4F68CD772107108C00190049 /* UINavigationControllerExt.swift in Sources */ = {isa = PBXBuildFile; fileRef = 4F68CD762107108C00190049 /* UINavigationControllerExt.swift */; };
		4F726632211AE3BB0003D879 /* AuthenticationService.swift in Sources */ = {isa = PBXBuildFile; fileRef = 4F726631211AE3BB0003D879 /* AuthenticationService.swift */; };
		4F726634211AED870003D879 /* Authentication.swift in Sources */ = {isa = PBXBuildFile; fileRef = 4F726633211AED870003D879 /* Authentication.swift */; };
		4F77BD2320DA44C100A51FE2 /* SectionTableViewCell.swift in Sources */ = {isa = PBXBuildFile; fileRef = 4F77BD2220DA44C100A51FE2 /* SectionTableViewCell.swift */; };
		4F77BD2520DA44E000A51FE2 /* SectionCollectionViewCell.swift in Sources */ = {isa = PBXBuildFile; fileRef = 4F77BD2420DA44E000A51FE2 /* SectionCollectionViewCell.swift */; };
		4F810B99210B2846008A3654 /* UIImageExt.swift in Sources */ = {isa = PBXBuildFile; fileRef = 4F810B98210B2845008A3654 /* UIImageExt.swift */; };
		4F810B9B210B53AA008A3654 /* DateExt.swift in Sources */ = {isa = PBXBuildFile; fileRef = 4F810B9A210B53AA008A3654 /* DateExt.swift */; };
		4F892A5620DD2958005C8E19 /* MovieListSectionHeaderCollectionReusableView.swift in Sources */ = {isa = PBXBuildFile; fileRef = 4F892A5520DD2958005C8E19 /* MovieListSectionHeaderCollectionReusableView.swift */; };
		4F8C6BE52111E6880026FB41 /* DetailsTableViewController.swift in Sources */ = {isa = PBXBuildFile; fileRef = 4F8C6BE42111E6870026FB41 /* DetailsTableViewController.swift */; };
		4F8DC25221144EFB003219CC /* People.swift in Sources */ = {isa = PBXBuildFile; fileRef = 4F8DC25121144EFB003219CC /* People.swift */; };
		4F8DC25421145885003219CC /* PeopleCollectionViewController.swift in Sources */ = {isa = PBXBuildFile; fileRef = 4F8DC25321145885003219CC /* PeopleCollectionViewController.swift */; };
		4F8DC256211458E1003219CC /* PeopleCollectionViewCell.swift in Sources */ = {isa = PBXBuildFile; fileRef = 4F8DC255211458E1003219CC /* PeopleCollectionViewCell.swift */; };
		4F92BBF720FCE63700C5E7C9 /* DetailImagesCollectionViewCell.swift in Sources */ = {isa = PBXBuildFile; fileRef = 4F92BBF620FCE63700C5E7C9 /* DetailImagesCollectionViewCell.swift */; };
		4F963D1620EF77C600A318CF /* LoadingIndicatorView.swift in Sources */ = {isa = PBXBuildFile; fileRef = 4F963D1520EF77C500A318CF /* LoadingIndicatorView.swift */; };
		4F963D1820EF804F00A318CF /* Section.swift in Sources */ = {isa = PBXBuildFile; fileRef = 4F963D1720EF804F00A318CF /* Section.swift */; };
		4F9A551120F7422D00D7BE2C /* QueryService.swift in Sources */ = {isa = PBXBuildFile; fileRef = 4F9A551020F7422D00D7BE2C /* QueryService.swift */; };
		4FA40DE22113489400ED83A4 /* PersonDetailsInfoCollectionViewCell.swift in Sources */ = {isa = PBXBuildFile; fileRef = 4FA40DE12113489400ED83A4 /* PersonDetailsInfoCollectionViewCell.swift */; };
		4FAAD14B210F3FBC00906C55 /* PersonDetailsTableViewController.swift in Sources */ = {isa = PBXBuildFile; fileRef = 4FAAD14A210F3FBB00906C55 /* PersonDetailsTableViewController.swift */; };
		4FAAD14D210F584500906C55 /* PersonDetails.swift in Sources */ = {isa = PBXBuildFile; fileRef = 4FAAD14C210F584500906C55 /* PersonDetails.swift */; };
		4FAAD14F210F609800906C55 /* PersonDetailsHeaderTableViewCell.swift in Sources */ = {isa = PBXBuildFile; fileRef = 4FAAD14E210F609800906C55 /* PersonDetailsHeaderTableViewCell.swift */; };
		4FAB0EBC20F3956800C55683 /* SearchListCollectionViewCell.swift in Sources */ = {isa = PBXBuildFile; fileRef = 4FAB0EBB20F3956800C55683 /* SearchListCollectionViewCell.swift */; };
		4FAB0EBE20F3959F00C55683 /* SearchListCollectionViewController.swift in Sources */ = {isa = PBXBuildFile; fileRef = 4FAB0EBD20F3959F00C55683 /* SearchListCollectionViewController.swift */; };
		4FB4C0F9211DD8FB00217F58 /* Helpers.swift in Sources */ = {isa = PBXBuildFile; fileRef = 4FB4C0F8211DD8FB00217F58 /* Helpers.swift */; };
		4FBC73062109B3A600D1985A /* SearchOptionCollectionViewController.swift in Sources */ = {isa = PBXBuildFile; fileRef = 4FBC73052109B3A600D1985A /* SearchOptionCollectionViewController.swift */; };
		4FC297D2211066FD00FCFE3C /* PersonDetailsInfoTableViewCell.swift in Sources */ = {isa = PBXBuildFile; fileRef = 4FC297D1211066FD00FCFE3C /* PersonDetailsInfoTableViewCell.swift */; };
		4FC87E9820E4EFEF00653671 /* ProfileSettingViewController.swift in Sources */ = {isa = PBXBuildFile; fileRef = 4FC87E9720E4EFEF00653671 /* ProfileSettingViewController.swift */; };
		4FC87E9B20E50A8C00653671 /* UIViewExt.swift in Sources */ = {isa = PBXBuildFile; fileRef = 4FC87E9A20E50A8C00653671 /* UIViewExt.swift */; };
		4FCB49292101DC4100AEC926 /* UIColorExt.swift in Sources */ = {isa = PBXBuildFile; fileRef = 4FCB49282101DC4100AEC926 /* UIColorExt.swift */; };
		4FEDD5E720ED136500E0D4BA /* Walkthrough.swift in Sources */ = {isa = PBXBuildFile; fileRef = 4FEDD5E620ED136400E0D4BA /* Walkthrough.swift */; };
		4FEDD5E920ED13CF00E0D4BA /* Details.swift in Sources */ = {isa = PBXBuildFile; fileRef = 4FEDD5E820ED13CF00E0D4BA /* Details.swift */; };
		4FEFE0F8211C351A00800F43 /* ProfileLoginViewController.swift in Sources */ = {isa = PBXBuildFile; fileRef = 4FEFE0F7211C351A00800F43 /* ProfileLoginViewController.swift */; };
		4FF5E60C20D92AB000D088B5 /* AppDelegate.swift in Sources */ = {isa = PBXBuildFile; fileRef = 4FF5E60B20D92AAF00D088B5 /* AppDelegate.swift */; };
		4FF5E61120D92AB000D088B5 /* Main.storyboard in Resources */ = {isa = PBXBuildFile; fileRef = 4FF5E60F20D92AB000D088B5 /* Main.storyboard */; };
		4FF5E61320D92B0200D088B5 /* Assets.xcassets in Resources */ = {isa = PBXBuildFile; fileRef = 4FF5E61220D92B0200D088B5 /* Assets.xcassets */; };
		4FF5E61620D92B0200D088B5 /* LaunchScreen.storyboard in Resources */ = {isa = PBXBuildFile; fileRef = 4FF5E61420D92B0200D088B5 /* LaunchScreen.storyboard */; };
		4FF5E62320D93A2C00D088B5 /* GradientView.swift in Sources */ = {isa = PBXBuildFile; fileRef = 4FF5E62220D93A2C00D088B5 /* GradientView.swift */; };
		4FF5E62520D9473A00D088B5 /* MoviesTableViewController.swift in Sources */ = {isa = PBXBuildFile; fileRef = 4FF5E62420D9473A00D088B5 /* MoviesTableViewController.swift */; };
		4FF5E62720D951FB00D088B5 /* HotTableViewCell.swift in Sources */ = {isa = PBXBuildFile; fileRef = 4FF5E62620D951FB00D088B5 /* HotTableViewCell.swift */; };
		4FF5E62920D954EA00D088B5 /* HotCollectionViewCell.swift in Sources */ = {isa = PBXBuildFile; fileRef = 4FF5E62820D954EA00D088B5 /* HotCollectionViewCell.swift */; };
		4FF628F520DB98A30002AA13 /* Movie.swift in Sources */ = {isa = PBXBuildFile; fileRef = 4FF628F420DB98A30002AA13 /* Movie.swift */; };
		4FF628F720DBB78E0002AA13 /* TVNowTableViewCell.swift in Sources */ = {isa = PBXBuildFile; fileRef = 4FF628F620DBB78E0002AA13 /* TVNowTableViewCell.swift */; };
		4FF628F920DBB7C20002AA13 /* TVNowCollectionViewCell.swift in Sources */ = {isa = PBXBuildFile; fileRef = 4FF628F820DBB7C20002AA13 /* TVNowCollectionViewCell.swift */; };
		4FF628FB20DBB7DE0002AA13 /* TVTableViewController.swift in Sources */ = {isa = PBXBuildFile; fileRef = 4FF628FA20DBB7DE0002AA13 /* TVTableViewController.swift */; };
		4FF628FD20DBD4550002AA13 /* TVPopularTableViewCell.swift in Sources */ = {isa = PBXBuildFile; fileRef = 4FF628FC20DBD4550002AA13 /* TVPopularTableViewCell.swift */; };
		4FF6290120DBDE6B0002AA13 /* Constants.swift in Sources */ = {isa = PBXBuildFile; fileRef = 4FF6290020DBDE6B0002AA13 /* Constants.swift */; };
		4FF6290320DBFE9D0002AA13 /* MovieListCollectionViewCell.swift in Sources */ = {isa = PBXBuildFile; fileRef = 4FF6290220DBFE9D0002AA13 /* MovieListCollectionViewCell.swift */; };
		4FF6290520DBFFF60002AA13 /* ListCollectionViewController.swift in Sources */ = {isa = PBXBuildFile; fileRef = 4FF6290420DBFFF60002AA13 /* ListCollectionViewController.swift */; };
		6D100CFAEC113DBC55EDE7EE /* Pods_Mao_Trailer.framework in Frameworks */ = {isa = PBXBuildFile; fileRef = 71912306C194A66BD1A1298C /* Pods_Mao_Trailer.framework */; };
/* End PBXBuildFile section */

/* Begin PBXFileReference section */
		12B94C64CA0D43AFBE19DBA5 /* Pods-Mao Trailer.debug.xcconfig */ = {isa = PBXFileReference; includeInIndex = 1; lastKnownFileType = text.xcconfig; name = "Pods-Mao Trailer.debug.xcconfig"; path = "Pods/Target Support Files/Pods-Mao Trailer/Pods-Mao Trailer.debug.xcconfig"; sourceTree = "<group>"; };
		1F7DEB1F1F303CBABD5BDA81 /* Pods-Mao Trailer.release.xcconfig */ = {isa = PBXFileReference; includeInIndex = 1; lastKnownFileType = text.xcconfig; name = "Pods-Mao Trailer.release.xcconfig"; path = "Pods/Target Support Files/Pods-Mao Trailer/Pods-Mao Trailer.release.xcconfig"; sourceTree = "<group>"; };
		4F0508DB20EE455D00D5B778 /* ModelData.swift */ = {isa = PBXFileReference; lastKnownFileType = sourcecode.swift; path = ModelData.swift; sourceTree = "<group>"; };
		4F104B0920FE21DF0065545D /* ImagePreviewViewController.swift */ = {isa = PBXFileReference; lastKnownFileType = sourcecode.swift; path = ImagePreviewViewController.swift; sourceTree = "<group>"; };
		4F104B0B20FE24880065545D /* ImagePreviewCollectionViewCell.swift */ = {isa = PBXFileReference; lastKnownFileType = sourcecode.swift; path = ImagePreviewCollectionViewCell.swift; sourceTree = "<group>"; };
		4F195BB020E3A3EB005816F5 /* DetailCastCollectionViewCell.swift */ = {isa = PBXFileReference; fileEncoding = 4; lastKnownFileType = sourcecode.swift; path = DetailCastCollectionViewCell.swift; sourceTree = "<group>"; };
		4F195BB420E3DE0A005816F5 /* ProfileCollectionViewController.swift */ = {isa = PBXFileReference; lastKnownFileType = sourcecode.swift; path = ProfileCollectionViewController.swift; sourceTree = "<group>"; };
		4F195BB620E3DE5D005816F5 /* ProfileHeaderCollectionReusableView.swift */ = {isa = PBXFileReference; lastKnownFileType = sourcecode.swift; path = ProfileHeaderCollectionReusableView.swift; sourceTree = "<group>"; };
		4F195BB820E3DF55005816F5 /* ProfileListCollectionViewCell.swift */ = {isa = PBXFileReference; lastKnownFileType = sourcecode.swift; path = ProfileListCollectionViewCell.swift; sourceTree = "<group>"; };
		4F1E6B3120EBC6AD005CEA65 /* TV.swift */ = {isa = PBXFileReference; lastKnownFileType = sourcecode.swift; path = TV.swift; sourceTree = "<group>"; };
		4F2676072109B8ED005CC679 /* SearchOptionCollectionViewCell.swift */ = {isa = PBXFileReference; lastKnownFileType = sourcecode.swift; path = SearchOptionCollectionViewCell.swift; sourceTree = "<group>"; };
		4F30ED692108AC1A00E2B31C /* SearchGenreCollectionViewCell.swift */ = {isa = PBXFileReference; lastKnownFileType = sourcecode.swift; path = SearchGenreCollectionViewCell.swift; sourceTree = "<group>"; };
		4F30ED6A2108AC1A00E2B31C /* SearchGenreCollectionViewCell.xib */ = {isa = PBXFileReference; lastKnownFileType = file.xib; path = SearchGenreCollectionViewCell.xib; sourceTree = "<group>"; };
		4F526BC120E62C2600EB36EA /* WalkthroughViewController.swift */ = {isa = PBXFileReference; lastKnownFileType = sourcecode.swift; path = WalkthroughViewController.swift; sourceTree = "<group>"; };
		4F526BC320E62CBC00EB36EA /* WalkthroughCollectionViewCell.swift */ = {isa = PBXFileReference; lastKnownFileType = sourcecode.swift; path = WalkthroughCollectionViewCell.swift; sourceTree = "<group>"; };
		4F57DA172112036100F95074 /* DetailCastTableViewCell.swift */ = {isa = PBXFileReference; lastKnownFileType = sourcecode.swift; path = DetailCastTableViewCell.swift; sourceTree = "<group>"; };
		4F57DA1921120BBC00F95074 /* DetailImagesTableViewCell.swift */ = {isa = PBXFileReference; lastKnownFileType = sourcecode.swift; path = DetailImagesTableViewCell.swift; sourceTree = "<group>"; };
		4F68CD762107108C00190049 /* UINavigationControllerExt.swift */ = {isa = PBXFileReference; lastKnownFileType = sourcecode.swift; path = UINavigationControllerExt.swift; sourceTree = "<group>"; };
		4F726631211AE3BB0003D879 /* AuthenticationService.swift */ = {isa = PBXFileReference; lastKnownFileType = sourcecode.swift; path = AuthenticationService.swift; sourceTree = "<group>"; };
		4F726633211AED870003D879 /* Authentication.swift */ = {isa = PBXFileReference; lastKnownFileType = sourcecode.swift; path = Authentication.swift; sourceTree = "<group>"; };
		4F77BD2220DA44C100A51FE2 /* SectionTableViewCell.swift */ = {isa = PBXFileReference; lastKnownFileType = sourcecode.swift; path = SectionTableViewCell.swift; sourceTree = "<group>"; };
		4F77BD2420DA44E000A51FE2 /* SectionCollectionViewCell.swift */ = {isa = PBXFileReference; lastKnownFileType = sourcecode.swift; path = SectionCollectionViewCell.swift; sourceTree = "<group>"; };
		4F810B98210B2845008A3654 /* UIImageExt.swift */ = {isa = PBXFileReference; lastKnownFileType = sourcecode.swift; path = UIImageExt.swift; sourceTree = "<group>"; };
		4F810B9A210B53AA008A3654 /* DateExt.swift */ = {isa = PBXFileReference; lastKnownFileType = sourcecode.swift; path = DateExt.swift; sourceTree = "<group>"; };
		4F892A5520DD2958005C8E19 /* MovieListSectionHeaderCollectionReusableView.swift */ = {isa = PBXFileReference; lastKnownFileType = sourcecode.swift; path = MovieListSectionHeaderCollectionReusableView.swift; sourceTree = "<group>"; };
		4F8C6BE42111E6870026FB41 /* DetailsTableViewController.swift */ = {isa = PBXFileReference; lastKnownFileType = sourcecode.swift; path = DetailsTableViewController.swift; sourceTree = "<group>"; };
		4F8DC25121144EFB003219CC /* People.swift */ = {isa = PBXFileReference; lastKnownFileType = sourcecode.swift; path = People.swift; sourceTree = "<group>"; };
		4F8DC25321145885003219CC /* PeopleCollectionViewController.swift */ = {isa = PBXFileReference; lastKnownFileType = sourcecode.swift; path = PeopleCollectionViewController.swift; sourceTree = "<group>"; };
		4F8DC255211458E1003219CC /* PeopleCollectionViewCell.swift */ = {isa = PBXFileReference; lastKnownFileType = sourcecode.swift; path = PeopleCollectionViewCell.swift; sourceTree = "<group>"; };
		4F92BBF620FCE63700C5E7C9 /* DetailImagesCollectionViewCell.swift */ = {isa = PBXFileReference; lastKnownFileType = sourcecode.swift; path = DetailImagesCollectionViewCell.swift; sourceTree = "<group>"; };
		4F963D1520EF77C500A318CF /* LoadingIndicatorView.swift */ = {isa = PBXFileReference; lastKnownFileType = sourcecode.swift; path = LoadingIndicatorView.swift; sourceTree = "<group>"; };
		4F963D1720EF804F00A318CF /* Section.swift */ = {isa = PBXFileReference; lastKnownFileType = sourcecode.swift; path = Section.swift; sourceTree = "<group>"; };
		4F9A551020F7422D00D7BE2C /* QueryService.swift */ = {isa = PBXFileReference; lastKnownFileType = sourcecode.swift; path = QueryService.swift; sourceTree = "<group>"; };
		4FA40DE12113489400ED83A4 /* PersonDetailsInfoCollectionViewCell.swift */ = {isa = PBXFileReference; fileEncoding = 4; lastKnownFileType = sourcecode.swift; path = PersonDetailsInfoCollectionViewCell.swift; sourceTree = "<group>"; };
		4FAAD14A210F3FBB00906C55 /* PersonDetailsTableViewController.swift */ = {isa = PBXFileReference; lastKnownFileType = sourcecode.swift; path = PersonDetailsTableViewController.swift; sourceTree = "<group>"; };
		4FAAD14C210F584500906C55 /* PersonDetails.swift */ = {isa = PBXFileReference; lastKnownFileType = sourcecode.swift; path = PersonDetails.swift; sourceTree = "<group>"; };
		4FAAD14E210F609800906C55 /* PersonDetailsHeaderTableViewCell.swift */ = {isa = PBXFileReference; lastKnownFileType = sourcecode.swift; path = PersonDetailsHeaderTableViewCell.swift; sourceTree = "<group>"; };
		4FAB0EBB20F3956800C55683 /* SearchListCollectionViewCell.swift */ = {isa = PBXFileReference; lastKnownFileType = sourcecode.swift; path = SearchListCollectionViewCell.swift; sourceTree = "<group>"; };
		4FAB0EBD20F3959F00C55683 /* SearchListCollectionViewController.swift */ = {isa = PBXFileReference; lastKnownFileType = sourcecode.swift; path = SearchListCollectionViewController.swift; sourceTree = "<group>"; };
		4FB4C0F8211DD8FB00217F58 /* Helpers.swift */ = {isa = PBXFileReference; lastKnownFileType = sourcecode.swift; path = Helpers.swift; sourceTree = "<group>"; };
		4FBC73052109B3A600D1985A /* SearchOptionCollectionViewController.swift */ = {isa = PBXFileReference; lastKnownFileType = sourcecode.swift; path = SearchOptionCollectionViewController.swift; sourceTree = "<group>"; };
		4FC297D1211066FD00FCFE3C /* PersonDetailsInfoTableViewCell.swift */ = {isa = PBXFileReference; lastKnownFileType = sourcecode.swift; path = PersonDetailsInfoTableViewCell.swift; sourceTree = "<group>"; };
		4FC87E9720E4EFEF00653671 /* ProfileSettingViewController.swift */ = {isa = PBXFileReference; lastKnownFileType = sourcecode.swift; path = ProfileSettingViewController.swift; sourceTree = "<group>"; };
		4FC87E9A20E50A8C00653671 /* UIViewExt.swift */ = {isa = PBXFileReference; lastKnownFileType = sourcecode.swift; path = UIViewExt.swift; sourceTree = "<group>"; };
		4FCB49282101DC4100AEC926 /* UIColorExt.swift */ = {isa = PBXFileReference; lastKnownFileType = sourcecode.swift; path = UIColorExt.swift; sourceTree = "<group>"; };
		4FEDD5E620ED136400E0D4BA /* Walkthrough.swift */ = {isa = PBXFileReference; lastKnownFileType = sourcecode.swift; path = Walkthrough.swift; sourceTree = "<group>"; };
		4FEDD5E820ED13CF00E0D4BA /* Details.swift */ = {isa = PBXFileReference; lastKnownFileType = sourcecode.swift; path = Details.swift; sourceTree = "<group>"; };
		4FEFE0F7211C351A00800F43 /* ProfileLoginViewController.swift */ = {isa = PBXFileReference; lastKnownFileType = sourcecode.swift; path = ProfileLoginViewController.swift; sourceTree = "<group>"; };
		4FF5E60820D92AAF00D088B5 /* Mao Trailer.app */ = {isa = PBXFileReference; explicitFileType = wrapper.application; includeInIndex = 0; path = "Mao Trailer.app"; sourceTree = BUILT_PRODUCTS_DIR; };
		4FF5E60B20D92AAF00D088B5 /* AppDelegate.swift */ = {isa = PBXFileReference; lastKnownFileType = sourcecode.swift; path = AppDelegate.swift; sourceTree = "<group>"; };
		4FF5E61020D92AB000D088B5 /* Base */ = {isa = PBXFileReference; lastKnownFileType = file.storyboard; name = Base; path = Base.lproj/Main.storyboard; sourceTree = "<group>"; };
		4FF5E61220D92B0200D088B5 /* Assets.xcassets */ = {isa = PBXFileReference; lastKnownFileType = folder.assetcatalog; path = Assets.xcassets; sourceTree = "<group>"; };
		4FF5E61520D92B0200D088B5 /* Base */ = {isa = PBXFileReference; lastKnownFileType = file.storyboard; name = Base; path = Base.lproj/LaunchScreen.storyboard; sourceTree = "<group>"; };
		4FF5E61720D92B0200D088B5 /* Info.plist */ = {isa = PBXFileReference; lastKnownFileType = text.plist.xml; path = Info.plist; sourceTree = "<group>"; };
		4FF5E62220D93A2C00D088B5 /* GradientView.swift */ = {isa = PBXFileReference; lastKnownFileType = sourcecode.swift; path = GradientView.swift; sourceTree = "<group>"; };
		4FF5E62420D9473A00D088B5 /* MoviesTableViewController.swift */ = {isa = PBXFileReference; lastKnownFileType = sourcecode.swift; path = MoviesTableViewController.swift; sourceTree = "<group>"; };
		4FF5E62620D951FB00D088B5 /* HotTableViewCell.swift */ = {isa = PBXFileReference; lastKnownFileType = sourcecode.swift; path = HotTableViewCell.swift; sourceTree = "<group>"; };
		4FF5E62820D954EA00D088B5 /* HotCollectionViewCell.swift */ = {isa = PBXFileReference; lastKnownFileType = sourcecode.swift; path = HotCollectionViewCell.swift; sourceTree = "<group>"; };
		4FF628F420DB98A30002AA13 /* Movie.swift */ = {isa = PBXFileReference; lastKnownFileType = sourcecode.swift; path = Movie.swift; sourceTree = "<group>"; };
		4FF628F620DBB78E0002AA13 /* TVNowTableViewCell.swift */ = {isa = PBXFileReference; lastKnownFileType = sourcecode.swift; path = TVNowTableViewCell.swift; sourceTree = "<group>"; };
		4FF628F820DBB7C20002AA13 /* TVNowCollectionViewCell.swift */ = {isa = PBXFileReference; lastKnownFileType = sourcecode.swift; path = TVNowCollectionViewCell.swift; sourceTree = "<group>"; };
		4FF628FA20DBB7DE0002AA13 /* TVTableViewController.swift */ = {isa = PBXFileReference; lastKnownFileType = sourcecode.swift; path = TVTableViewController.swift; sourceTree = "<group>"; };
		4FF628FC20DBD4550002AA13 /* TVPopularTableViewCell.swift */ = {isa = PBXFileReference; lastKnownFileType = sourcecode.swift; path = TVPopularTableViewCell.swift; sourceTree = "<group>"; };
		4FF6290020DBDE6B0002AA13 /* Constants.swift */ = {isa = PBXFileReference; lastKnownFileType = sourcecode.swift; path = Constants.swift; sourceTree = "<group>"; };
		4FF6290220DBFE9D0002AA13 /* MovieListCollectionViewCell.swift */ = {isa = PBXFileReference; lastKnownFileType = sourcecode.swift; path = MovieListCollectionViewCell.swift; sourceTree = "<group>"; };
		4FF6290420DBFFF60002AA13 /* ListCollectionViewController.swift */ = {isa = PBXFileReference; lastKnownFileType = sourcecode.swift; path = ListCollectionViewController.swift; sourceTree = "<group>"; };
		71912306C194A66BD1A1298C /* Pods_Mao_Trailer.framework */ = {isa = PBXFileReference; explicitFileType = wrapper.framework; includeInIndex = 0; path = Pods_Mao_Trailer.framework; sourceTree = BUILT_PRODUCTS_DIR; };
/* End PBXFileReference section */

/* Begin PBXFrameworksBuildPhase section */
		4FF5E60520D92AAF00D088B5 /* Frameworks */ = {
			isa = PBXFrameworksBuildPhase;
			buildActionMask = 2147483647;
			files = (
				6D100CFAEC113DBC55EDE7EE /* Pods_Mao_Trailer.framework in Frameworks */,
			);
			runOnlyForDeploymentPostprocessing = 0;
		};
/* End PBXFrameworksBuildPhase section */

/* Begin PBXGroup section */
		4F30ED6D2108AC2E00E2B31C /* Xib */ = {
			isa = PBXGroup;
			children = (
				4F30ED6A2108AC1A00E2B31C /* SearchGenreCollectionViewCell.xib */,
				4F30ED692108AC1A00E2B31C /* SearchGenreCollectionViewCell.swift */,
			);
			path = Xib;
			sourceTree = "<group>";
		};
		4FC87E9920E50A3C00653671 /* Extensions */ = {
			isa = PBXGroup;
			children = (
				4FC87E9A20E50A8C00653671 /* UIViewExt.swift */,
				4FCB49282101DC4100AEC926 /* UIColorExt.swift */,
				4F68CD762107108C00190049 /* UINavigationControllerExt.swift */,
				4F810B98210B2845008A3654 /* UIImageExt.swift */,
				4F810B9A210B53AA008A3654 /* DateExt.swift */,
			);
			path = Extensions;
			sourceTree = "<group>";
		};
		4FF5E5FF20D92AAD00D088B5 = {
			isa = PBXGroup;
			children = (
				4FF5E60A20D92AAF00D088B5 /* Mao Trailer */,
				4FF5E60920D92AAF00D088B5 /* Products */,
				B873F4432F5D180FB2A5C249 /* Pods */,
				BCE7FCA48FF1E8E2FAD2A23D /* Frameworks */,
			);
			sourceTree = "<group>";
		};
		4FF5E60920D92AAF00D088B5 /* Products */ = {
			isa = PBXGroup;
			children = (
				4FF5E60820D92AAF00D088B5 /* Mao Trailer.app */,
			);
			name = Products;
			sourceTree = "<group>";
		};
		4FF5E60A20D92AAF00D088B5 /* Mao Trailer */ = {
			isa = PBXGroup;
			children = (
				4F30ED6D2108AC2E00E2B31C /* Xib */,
				4FF5E62120D92E9900D088B5 /* Views */,
				4FF5E61E20D92E6F00D088B5 /* Models */,
				4FF5E62020D92E8A00D088B5 /* Utilities */,
				4FF5E61F20D92E7B00D088B5 /* Services */,
				4FF5E61D20D92E4C00D088B5 /* Controllers */,
				4FC87E9920E50A3C00653671 /* Extensions */,
				4FF5E61220D92B0200D088B5 /* Assets.xcassets */,
				4FF5E61720D92B0200D088B5 /* Info.plist */,
				4FF5E60B20D92AAF00D088B5 /* AppDelegate.swift */,
				4FF5E60F20D92AB000D088B5 /* Main.storyboard */,
				4FF5E61420D92B0200D088B5 /* LaunchScreen.storyboard */,
			);
			path = "Mao Trailer";
			sourceTree = "<group>";
		};
		4FF5E61D20D92E4C00D088B5 /* Controllers */ = {
			isa = PBXGroup;
			children = (
				4F526BC120E62C2600EB36EA /* WalkthroughViewController.swift */,
				4FF5E62420D9473A00D088B5 /* MoviesTableViewController.swift */,
				4FF628FA20DBB7DE0002AA13 /* TVTableViewController.swift */,
				4F8DC25321145885003219CC /* PeopleCollectionViewController.swift */,
				4F195BB420E3DE0A005816F5 /* ProfileCollectionViewController.swift */,
				4FEFE0F7211C351A00800F43 /* ProfileLoginViewController.swift */,
				4FC87E9720E4EFEF00653671 /* ProfileSettingViewController.swift */,
				4FF6290420DBFFF60002AA13 /* ListCollectionViewController.swift */,
				4FAB0EBD20F3959F00C55683 /* SearchListCollectionViewController.swift */,
				4FBC73052109B3A600D1985A /* SearchOptionCollectionViewController.swift */,
				4FAAD14A210F3FBB00906C55 /* PersonDetailsTableViewController.swift */,
				4F8C6BE42111E6870026FB41 /* DetailsTableViewController.swift */,
				4F104B0920FE21DF0065545D /* ImagePreviewViewController.swift */,
			);
			path = Controllers;
			sourceTree = "<group>";
		};
		4FF5E61E20D92E6F00D088B5 /* Models */ = {
			isa = PBXGroup;
			children = (
				4F1E6B3120EBC6AD005CEA65 /* TV.swift */,
				4FF628F420DB98A30002AA13 /* Movie.swift */,
				4F8DC25121144EFB003219CC /* People.swift */,
				4FEDD5E620ED136400E0D4BA /* Walkthrough.swift */,
				4F963D1720EF804F00A318CF /* Section.swift */,
				4FEDD5E820ED13CF00E0D4BA /* Details.swift */,
				4F0508DB20EE455D00D5B778 /* ModelData.swift */,
				4FAAD14C210F584500906C55 /* PersonDetails.swift */,
				4F726633211AED870003D879 /* Authentication.swift */,
			);
			path = Models;
			sourceTree = "<group>";
		};
		4FF5E61F20D92E7B00D088B5 /* Services */ = {
			isa = PBXGroup;
			children = (
				4F9A551020F7422D00D7BE2C /* QueryService.swift */,
				4F726631211AE3BB0003D879 /* AuthenticationService.swift */,
			);
			path = Services;
			sourceTree = "<group>";
		};
		4FF5E62020D92E8A00D088B5 /* Utilities */ = {
			isa = PBXGroup;
			children = (
				4FF5E62220D93A2C00D088B5 /* GradientView.swift */,
				4FF6290020DBDE6B0002AA13 /* Constants.swift */,
				4F963D1520EF77C500A318CF /* LoadingIndicatorView.swift */,
				4FB4C0F8211DD8FB00217F58 /* Helpers.swift */,
			);
			path = Utilities;
			sourceTree = "<group>";
		};
		4FF5E62120D92E9900D088B5 /* Views */ = {
			isa = PBXGroup;
			children = (
				4FF5E62620D951FB00D088B5 /* HotTableViewCell.swift */,
				4FF5E62820D954EA00D088B5 /* HotCollectionViewCell.swift */,
				4F77BD2220DA44C100A51FE2 /* SectionTableViewCell.swift */,
				4F77BD2420DA44E000A51FE2 /* SectionCollectionViewCell.swift */,
				4FF628F620DBB78E0002AA13 /* TVNowTableViewCell.swift */,
				4FF628F820DBB7C20002AA13 /* TVNowCollectionViewCell.swift */,
				4FF628FC20DBD4550002AA13 /* TVPopularTableViewCell.swift */,
				4FF6290220DBFE9D0002AA13 /* MovieListCollectionViewCell.swift */,
				4F892A5520DD2958005C8E19 /* MovieListSectionHeaderCollectionReusableView.swift */,
				4F195BB620E3DE5D005816F5 /* ProfileHeaderCollectionReusableView.swift */,
				4F195BB820E3DF55005816F5 /* ProfileListCollectionViewCell.swift */,
				4FAB0EBB20F3956800C55683 /* SearchListCollectionViewCell.swift */,
				4F2676072109B8ED005CC679 /* SearchOptionCollectionViewCell.swift */,
				4F526BC320E62CBC00EB36EA /* WalkthroughCollectionViewCell.swift */,
				4F104B0B20FE24880065545D /* ImagePreviewCollectionViewCell.swift */,
				4FAAD14E210F609800906C55 /* PersonDetailsHeaderTableViewCell.swift */,
				4FC297D1211066FD00FCFE3C /* PersonDetailsInfoTableViewCell.swift */,
				4FA40DE12113489400ED83A4 /* PersonDetailsInfoCollectionViewCell.swift */,
				4F57DA172112036100F95074 /* DetailCastTableViewCell.swift */,
				4F195BB020E3A3EB005816F5 /* DetailCastCollectionViewCell.swift */,
				4F57DA1921120BBC00F95074 /* DetailImagesTableViewCell.swift */,
				4F92BBF620FCE63700C5E7C9 /* DetailImagesCollectionViewCell.swift */,
				4F8DC255211458E1003219CC /* PeopleCollectionViewCell.swift */,
			);
			path = Views;
			sourceTree = "<group>";
		};
		B873F4432F5D180FB2A5C249 /* Pods */ = {
			isa = PBXGroup;
			children = (
				12B94C64CA0D43AFBE19DBA5 /* Pods-Mao Trailer.debug.xcconfig */,
				1F7DEB1F1F303CBABD5BDA81 /* Pods-Mao Trailer.release.xcconfig */,
			);
			name = Pods;
			sourceTree = "<group>";
		};
		BCE7FCA48FF1E8E2FAD2A23D /* Frameworks */ = {
			isa = PBXGroup;
			children = (
				71912306C194A66BD1A1298C /* Pods_Mao_Trailer.framework */,
			);
			name = Frameworks;
			sourceTree = "<group>";
		};
/* End PBXGroup section */

/* Begin PBXNativeTarget section */
		4FF5E60720D92AAF00D088B5 /* Mao Trailer */ = {
			isa = PBXNativeTarget;
			buildConfigurationList = 4FF5E61A20D92B0300D088B5 /* Build configuration list for PBXNativeTarget "Mao Trailer" */;
			buildPhases = (
				AE21A85AEE017C6AADA7DDFB /* [CP] Check Pods Manifest.lock */,
				4FF5E60420D92AAF00D088B5 /* Sources */,
				4FF5E60520D92AAF00D088B5 /* Frameworks */,
				4FF5E60620D92AAF00D088B5 /* Resources */,
				4920F4774E2391EC757161AA /* [CP] Embed Pods Frameworks */,
			);
			buildRules = (
			);
			dependencies = (
			);
			name = "Mao Trailer";
			productName = "Mao Trailer";
			productReference = 4FF5E60820D92AAF00D088B5 /* Mao Trailer.app */;
			productType = "com.apple.product-type.application";
		};
/* End PBXNativeTarget section */

/* Begin PBXProject section */
		4FF5E60020D92AAD00D088B5 /* Project object */ = {
			isa = PBXProject;
			attributes = {
				LastSwiftUpdateCheck = 0940;
				LastUpgradeCheck = 0940;
				ORGANIZATIONNAME = "Roger Florat";
				TargetAttributes = {
					4FF5E60720D92AAF00D088B5 = {
						CreatedOnToolsVersion = 9.4.1;
					};
				};
			};
			buildConfigurationList = 4FF5E60320D92AAE00D088B5 /* Build configuration list for PBXProject "Mao Trailer" */;
			compatibilityVersion = "Xcode 9.3";
			developmentRegion = en;
			hasScannedForEncodings = 0;
			knownRegions = (
				en,
				Base,
			);
			mainGroup = 4FF5E5FF20D92AAD00D088B5;
			productRefGroup = 4FF5E60920D92AAF00D088B5 /* Products */;
			projectDirPath = "";
			projectRoot = "";
			targets = (
				4FF5E60720D92AAF00D088B5 /* Mao Trailer */,
			);
		};
/* End PBXProject section */

/* Begin PBXResourcesBuildPhase section */
		4FF5E60620D92AAF00D088B5 /* Resources */ = {
			isa = PBXResourcesBuildPhase;
			buildActionMask = 2147483647;
			files = (
				4FF5E61620D92B0200D088B5 /* LaunchScreen.storyboard in Resources */,
				4F30ED6C2108AC1A00E2B31C /* SearchGenreCollectionViewCell.xib in Resources */,
				4FF5E61320D92B0200D088B5 /* Assets.xcassets in Resources */,
				4FF5E61120D92AB000D088B5 /* Main.storyboard in Resources */,
			);
			runOnlyForDeploymentPostprocessing = 0;
		};
/* End PBXResourcesBuildPhase section */

/* Begin PBXShellScriptBuildPhase section */
		4920F4774E2391EC757161AA /* [CP] Embed Pods Frameworks */ = {
			isa = PBXShellScriptBuildPhase;
			buildActionMask = 2147483647;
			files = (
			);
			inputPaths = (
				"${SRCROOT}/Pods/Target Support Files/Pods-Mao Trailer/Pods-Mao Trailer-frameworks.sh",
				"${BUILT_PRODUCTS_DIR}/Kingfisher/Kingfisher.framework",
			);
			name = "[CP] Embed Pods Frameworks";
			outputPaths = (
				"${TARGET_BUILD_DIR}/${FRAMEWORKS_FOLDER_PATH}/Kingfisher.framework",
			);
			runOnlyForDeploymentPostprocessing = 0;
			shellPath = /bin/sh;
			shellScript = "\"${SRCROOT}/Pods/Target Support Files/Pods-Mao Trailer/Pods-Mao Trailer-frameworks.sh\"\n";
			showEnvVarsInLog = 0;
		};
		AE21A85AEE017C6AADA7DDFB /* [CP] Check Pods Manifest.lock */ = {
			isa = PBXShellScriptBuildPhase;
			buildActionMask = 2147483647;
			files = (
			);
			inputPaths = (
				"${PODS_PODFILE_DIR_PATH}/Podfile.lock",
				"${PODS_ROOT}/Manifest.lock",
			);
			name = "[CP] Check Pods Manifest.lock";
			outputPaths = (
				"$(DERIVED_FILE_DIR)/Pods-Mao Trailer-checkManifestLockResult.txt",
			);
			runOnlyForDeploymentPostprocessing = 0;
			shellPath = /bin/sh;
			shellScript = "diff \"${PODS_PODFILE_DIR_PATH}/Podfile.lock\" \"${PODS_ROOT}/Manifest.lock\" > /dev/null\nif [ $? != 0 ] ; then\n    # print error to STDERR\n    echo \"error: The sandbox is not in sync with the Podfile.lock. Run 'pod install' or update your CocoaPods installation.\" >&2\n    exit 1\nfi\n# This output is used by Xcode 'outputs' to avoid re-running this script phase.\necho \"SUCCESS\" > \"${SCRIPT_OUTPUT_FILE_0}\"\n";
			showEnvVarsInLog = 0;
		};
/* End PBXShellScriptBuildPhase section */

/* Begin PBXSourcesBuildPhase section */
		4FF5E60420D92AAF00D088B5 /* Sources */ = {
			isa = PBXSourcesBuildPhase;
			buildActionMask = 2147483647;
			files = (
				4F963D1820EF804F00A318CF /* Section.swift in Sources */,
				4F8C6BE52111E6880026FB41 /* DetailsTableViewController.swift in Sources */,
				4FAAD14D210F584500906C55 /* PersonDetails.swift in Sources */,
				4FF628F720DBB78E0002AA13 /* TVNowTableViewCell.swift in Sources */,
				4FAB0EBC20F3956800C55683 /* SearchListCollectionViewCell.swift in Sources */,
				4F892A5620DD2958005C8E19 /* MovieListSectionHeaderCollectionReusableView.swift in Sources */,
				4FF5E62520D9473A00D088B5 /* MoviesTableViewController.swift in Sources */,
				4FEFE0F8211C351A00800F43 /* ProfileLoginViewController.swift in Sources */,
				4FAB0EBE20F3959F00C55683 /* SearchListCollectionViewController.swift in Sources */,
				4FBC73062109B3A600D1985A /* SearchOptionCollectionViewController.swift in Sources */,
				4FC87E9820E4EFEF00653671 /* ProfileSettingViewController.swift in Sources */,
				4F726634211AED870003D879 /* Authentication.swift in Sources */,
				4FAAD14B210F3FBC00906C55 /* PersonDetailsTableViewController.swift in Sources */,
				4FAAD14F210F609800906C55 /* PersonDetailsHeaderTableViewCell.swift in Sources */,
				4F77BD2520DA44E000A51FE2 /* SectionCollectionViewCell.swift in Sources */,
				4F57DA1A21120BBC00F95074 /* DetailImagesTableViewCell.swift in Sources */,
				4FC297D2211066FD00FCFE3C /* PersonDetailsInfoTableViewCell.swift in Sources */,
				4FC87E9B20E50A8C00653671 /* UIViewExt.swift in Sources */,
				4FF628FD20DBD4550002AA13 /* TVPopularTableViewCell.swift in Sources */,
				4F195BB520E3DE0A005816F5 /* ProfileCollectionViewController.swift in Sources */,
				4F526BC220E62C2600EB36EA /* WalkthroughViewController.swift in Sources */,
				4F0508DC20EE455D00D5B778 /* ModelData.swift in Sources */,
				4FF628F920DBB7C20002AA13 /* TVNowCollectionViewCell.swift in Sources */,
				4F810B9B210B53AA008A3654 /* DateExt.swift in Sources */,
				4FF5E62920D954EA00D088B5 /* HotCollectionViewCell.swift in Sources */,
				4FF5E60C20D92AB000D088B5 /* AppDelegate.swift in Sources */,
				4FF6290320DBFE9D0002AA13 /* MovieListCollectionViewCell.swift in Sources */,
				4FEDD5E720ED136500E0D4BA /* Walkthrough.swift in Sources */,
				4F810B99210B2846008A3654 /* UIImageExt.swift in Sources */,
				4F77BD2320DA44C100A51FE2 /* SectionTableViewCell.swift in Sources */,
				4F195BB720E3DE5D005816F5 /* ProfileHeaderCollectionReusableView.swift in Sources */,
				4FF5E62320D93A2C00D088B5 /* GradientView.swift in Sources */,
				4F2676082109B8ED005CC679 /* SearchOptionCollectionViewCell.swift in Sources */,
				4F30ED6B2108AC1A00E2B31C /* SearchGenreCollectionViewCell.swift in Sources */,
				4FF628F520DB98A30002AA13 /* Movie.swift in Sources */,
				4F195BB120E3A3EB005816F5 /* DetailCastCollectionViewCell.swift in Sources */,
				4F963D1620EF77C600A318CF /* LoadingIndicatorView.swift in Sources */,
				4F9A551120F7422D00D7BE2C /* QueryService.swift in Sources */,
				4F92BBF720FCE63700C5E7C9 /* DetailImagesCollectionViewCell.swift in Sources */,
				4F104B0A20FE21DF0065545D /* ImagePreviewViewController.swift in Sources */,
				4F8DC25221144EFB003219CC /* People.swift in Sources */,
				4FA40DE22113489400ED83A4 /* PersonDetailsInfoCollectionViewCell.swift in Sources */,
				4FEDD5E920ED13CF00E0D4BA /* Details.swift in Sources */,
				4F1E6B3220EBC6AD005CEA65 /* TV.swift in Sources */,
				4F8DC25421145885003219CC /* PeopleCollectionViewController.swift in Sources */,
				4F8DC256211458E1003219CC /* PeopleCollectionViewCell.swift in Sources */,
				4F68CD772107108C00190049 /* UINavigationControllerExt.swift in Sources */,
				4FCB49292101DC4100AEC926 /* UIColorExt.swift in Sources */,
				4F726632211AE3BB0003D879 /* AuthenticationService.swift in Sources */,
				4FF5E62720D951FB00D088B5 /* HotTableViewCell.swift in Sources */,
				4F57DA182112036100F95074 /* DetailCastTableViewCell.swift in Sources */,
				4FF6290120DBDE6B0002AA13 /* Constants.swift in Sources */,
				4FB4C0F9211DD8FB00217F58 /* Helpers.swift in Sources */,
				4F104B0C20FE24880065545D /* ImagePreviewCollectionViewCell.swift in Sources */,
				4FF6290520DBFFF60002AA13 /* ListCollectionViewController.swift in Sources */,
				4F526BC420E62CBC00EB36EA /* WalkthroughCollectionViewCell.swift in Sources */,
				4F195BB920E3DF55005816F5 /* ProfileListCollectionViewCell.swift in Sources */,
				4FF628FB20DBB7DE0002AA13 /* TVTableViewController.swift in Sources */,
			);
			runOnlyForDeploymentPostprocessing = 0;
		};
/* End PBXSourcesBuildPhase section */

/* Begin PBXVariantGroup section */
		4FF5E60F20D92AB000D088B5 /* Main.storyboard */ = {
			isa = PBXVariantGroup;
			children = (
				4FF5E61020D92AB000D088B5 /* Base */,
			);
			name = Main.storyboard;
			sourceTree = "<group>";
		};
		4FF5E61420D92B0200D088B5 /* LaunchScreen.storyboard */ = {
			isa = PBXVariantGroup;
			children = (
				4FF5E61520D92B0200D088B5 /* Base */,
			);
			name = LaunchScreen.storyboard;
			sourceTree = "<group>";
		};
/* End PBXVariantGroup section */

/* Begin XCBuildConfiguration section */
		4FF5E61820D92B0200D088B5 /* Debug */ = {
			isa = XCBuildConfiguration;
			buildSettings = {
				ALWAYS_SEARCH_USER_PATHS = NO;
				CLANG_ANALYZER_NONNULL = YES;
				CLANG_ANALYZER_NUMBER_OBJECT_CONVERSION = YES_AGGRESSIVE;
				CLANG_CXX_LANGUAGE_STANDARD = "gnu++14";
				CLANG_CXX_LIBRARY = "libc++";
				CLANG_ENABLE_MODULES = YES;
				CLANG_ENABLE_OBJC_ARC = YES;
				CLANG_ENABLE_OBJC_WEAK = YES;
				CLANG_WARN_BLOCK_CAPTURE_AUTORELEASING = YES;
				CLANG_WARN_BOOL_CONVERSION = YES;
				CLANG_WARN_COMMA = YES;
				CLANG_WARN_CONSTANT_CONVERSION = YES;
				CLANG_WARN_DEPRECATED_OBJC_IMPLEMENTATIONS = YES;
				CLANG_WARN_DIRECT_OBJC_ISA_USAGE = YES_ERROR;
				CLANG_WARN_DOCUMENTATION_COMMENTS = YES;
				CLANG_WARN_EMPTY_BODY = YES;
				CLANG_WARN_ENUM_CONVERSION = YES;
				CLANG_WARN_INFINITE_RECURSION = YES;
				CLANG_WARN_INT_CONVERSION = YES;
				CLANG_WARN_NON_LITERAL_NULL_CONVERSION = YES;
				CLANG_WARN_OBJC_IMPLICIT_RETAIN_SELF = YES;
				CLANG_WARN_OBJC_LITERAL_CONVERSION = YES;
				CLANG_WARN_OBJC_ROOT_CLASS = YES_ERROR;
				CLANG_WARN_RANGE_LOOP_ANALYSIS = YES;
				CLANG_WARN_STRICT_PROTOTYPES = YES;
				CLANG_WARN_SUSPICIOUS_MOVE = YES;
				CLANG_WARN_UNGUARDED_AVAILABILITY = YES_AGGRESSIVE;
				CLANG_WARN_UNREACHABLE_CODE = YES;
				CLANG_WARN__DUPLICATE_METHOD_MATCH = YES;
				CODE_SIGN_IDENTITY = "iPhone Developer";
				COPY_PHASE_STRIP = NO;
				DEBUG_INFORMATION_FORMAT = dwarf;
				ENABLE_STRICT_OBJC_MSGSEND = YES;
				ENABLE_TESTABILITY = YES;
				GCC_C_LANGUAGE_STANDARD = gnu11;
				GCC_DYNAMIC_NO_PIC = NO;
				GCC_NO_COMMON_BLOCKS = YES;
				GCC_OPTIMIZATION_LEVEL = 0;
				GCC_PREPROCESSOR_DEFINITIONS = (
					"DEBUG=1",
					"$(inherited)",
				);
				GCC_WARN_64_TO_32_BIT_CONVERSION = YES;
				GCC_WARN_ABOUT_RETURN_TYPE = YES_ERROR;
				GCC_WARN_UNDECLARED_SELECTOR = YES;
				GCC_WARN_UNINITIALIZED_AUTOS = YES_AGGRESSIVE;
				GCC_WARN_UNUSED_FUNCTION = YES;
				GCC_WARN_UNUSED_VARIABLE = YES;
				IPHONEOS_DEPLOYMENT_TARGET = 11.4;
				MTL_ENABLE_DEBUG_INFO = YES;
				ONLY_ACTIVE_ARCH = YES;
				SDKROOT = iphoneos;
				SWIFT_ACTIVE_COMPILATION_CONDITIONS = DEBUG;
				SWIFT_OPTIMIZATION_LEVEL = "-Onone";
			};
			name = Debug;
		};
		4FF5E61920D92B0300D088B5 /* Release */ = {
			isa = XCBuildConfiguration;
			buildSettings = {
				ALWAYS_SEARCH_USER_PATHS = NO;
				CLANG_ANALYZER_NONNULL = YES;
				CLANG_ANALYZER_NUMBER_OBJECT_CONVERSION = YES_AGGRESSIVE;
				CLANG_CXX_LANGUAGE_STANDARD = "gnu++14";
				CLANG_CXX_LIBRARY = "libc++";
				CLANG_ENABLE_MODULES = YES;
				CLANG_ENABLE_OBJC_ARC = YES;
				CLANG_ENABLE_OBJC_WEAK = YES;
				CLANG_WARN_BLOCK_CAPTURE_AUTORELEASING = YES;
				CLANG_WARN_BOOL_CONVERSION = YES;
				CLANG_WARN_COMMA = YES;
				CLANG_WARN_CONSTANT_CONVERSION = YES;
				CLANG_WARN_DEPRECATED_OBJC_IMPLEMENTATIONS = YES;
				CLANG_WARN_DIRECT_OBJC_ISA_USAGE = YES_ERROR;
				CLANG_WARN_DOCUMENTATION_COMMENTS = YES;
				CLANG_WARN_EMPTY_BODY = YES;
				CLANG_WARN_ENUM_CONVERSION = YES;
				CLANG_WARN_INFINITE_RECURSION = YES;
				CLANG_WARN_INT_CONVERSION = YES;
				CLANG_WARN_NON_LITERAL_NULL_CONVERSION = YES;
				CLANG_WARN_OBJC_IMPLICIT_RETAIN_SELF = YES;
				CLANG_WARN_OBJC_LITERAL_CONVERSION = YES;
				CLANG_WARN_OBJC_ROOT_CLASS = YES_ERROR;
				CLANG_WARN_RANGE_LOOP_ANALYSIS = YES;
				CLANG_WARN_STRICT_PROTOTYPES = YES;
				CLANG_WARN_SUSPICIOUS_MOVE = YES;
				CLANG_WARN_UNGUARDED_AVAILABILITY = YES_AGGRESSIVE;
				CLANG_WARN_UNREACHABLE_CODE = YES;
				CLANG_WARN__DUPLICATE_METHOD_MATCH = YES;
				CODE_SIGN_IDENTITY = "iPhone Developer";
				COPY_PHASE_STRIP = NO;
				DEBUG_INFORMATION_FORMAT = "dwarf-with-dsym";
				ENABLE_NS_ASSERTIONS = NO;
				ENABLE_STRICT_OBJC_MSGSEND = YES;
				GCC_C_LANGUAGE_STANDARD = gnu11;
				GCC_NO_COMMON_BLOCKS = YES;
				GCC_WARN_64_TO_32_BIT_CONVERSION = YES;
				GCC_WARN_ABOUT_RETURN_TYPE = YES_ERROR;
				GCC_WARN_UNDECLARED_SELECTOR = YES;
				GCC_WARN_UNINITIALIZED_AUTOS = YES_AGGRESSIVE;
				GCC_WARN_UNUSED_FUNCTION = YES;
				GCC_WARN_UNUSED_VARIABLE = YES;
				IPHONEOS_DEPLOYMENT_TARGET = 11.4;
				MTL_ENABLE_DEBUG_INFO = NO;
				SDKROOT = iphoneos;
				SWIFT_COMPILATION_MODE = wholemodule;
				SWIFT_OPTIMIZATION_LEVEL = "-O";
				VALIDATE_PRODUCT = YES;
			};
			name = Release;
		};
		4FF5E61B20D92B0300D088B5 /* Debug */ = {
			isa = XCBuildConfiguration;
			baseConfigurationReference = 12B94C64CA0D43AFBE19DBA5 /* Pods-Mao Trailer.debug.xcconfig */;
			buildSettings = {
				ASSETCATALOG_COMPILER_APPICON_NAME = AppIcon;
				CODE_SIGN_STYLE = Automatic;
				DEVELOPMENT_TEAM = 4M7AT6GDCK;
				INFOPLIST_FILE = "Mao Trailer/Info.plist";
				LD_RUNPATH_SEARCH_PATHS = (
					"$(inherited)",
					"@executable_path/Frameworks",
				);
				PRODUCT_BUNDLE_IDENTIFIER = "com.rogerflorat.Mao-Trailer";
				PRODUCT_NAME = "$(TARGET_NAME)";
				SWIFT_VERSION = 4.0;
				TARGETED_DEVICE_FAMILY = 1;
			};
			name = Debug;
		};
		4FF5E61C20D92B0300D088B5 /* Release */ = {
			isa = XCBuildConfiguration;
			baseConfigurationReference = 1F7DEB1F1F303CBABD5BDA81 /* Pods-Mao Trailer.release.xcconfig */;
			buildSettings = {
				ASSETCATALOG_COMPILER_APPICON_NAME = AppIcon;
				CODE_SIGN_STYLE = Automatic;
				DEVELOPMENT_TEAM = 4M7AT6GDCK;
				INFOPLIST_FILE = "Mao Trailer/Info.plist";
				LD_RUNPATH_SEARCH_PATHS = (
					"$(inherited)",
					"@executable_path/Frameworks",
				);
				PRODUCT_BUNDLE_IDENTIFIER = "com.rogerflorat.Mao-Trailer";
				PRODUCT_NAME = "$(TARGET_NAME)";
				SWIFT_VERSION = 4.0;
				TARGETED_DEVICE_FAMILY = 1;
			};
			name = Release;
		};
/* End XCBuildConfiguration section */

/* Begin XCConfigurationList section */
		4FF5E60320D92AAE00D088B5 /* Build configuration list for PBXProject "Mao Trailer" */ = {
			isa = XCConfigurationList;
			buildConfigurations = (
				4FF5E61820D92B0200D088B5 /* Debug */,
				4FF5E61920D92B0300D088B5 /* Release */,
			);
			defaultConfigurationIsVisible = 0;
			defaultConfigurationName = Release;
		};
		4FF5E61A20D92B0300D088B5 /* Build configuration list for PBXNativeTarget "Mao Trailer" */ = {
			isa = XCConfigurationList;
			buildConfigurations = (
				4FF5E61B20D92B0300D088B5 /* Debug */,
				4FF5E61C20D92B0300D088B5 /* Release */,
			);
			defaultConfigurationIsVisible = 0;
			defaultConfigurationName = Release;
		};
/* End XCConfigurationList section */
	};
	rootObject = 4FF5E60020D92AAD00D088B5 /* Project object */;
}
